
Microsoft Visual Studio Solution File, Format Version 12.00
# Visual Studio Version 17
VisualStudioVersion = 17.7.34031.279
MinimumVisualStudioVersion = 10.0.40219.1
Project("{FAE04EC0-301F-11D3-BF4B-00C04F79EFBC}") = "FrontEndService", "FrontEndService\FrontEndService.csproj", "{871ECADC-8E3F-427C-8991-80DC577562B9}"
EndProject
Project("{E53339B2-1760-4266-BCC7-CA923CBCF16C}") = "docker-compose", "docker-compose.dcproj", "{48E933C0-597B-43C8-901B-7B2192E293A4}"
EndProject
Project("{FAE04EC0-301F-11D3-BF4B-00C04F79EFBC}") = "AdminService", "AdminService\AdminService.csproj", "{079F7051-97F2-42DD-8AB8-FFDDF4FC9150}"
EndProject
Global
	GlobalSection(SolutionConfigurationPlatforms) = preSolution
		Debug|Any CPU = Debug|Any CPU
		Release|Any CPU = Release|Any CPU
	EndGlobalSection
	GlobalSection(ProjectConfigurationPlatforms) = postSolution
		{871ECADC-8E3F-427C-8991-80DC577562B9}.Debug|Any CPU.ActiveCfg = Debug|Any CPU
		{871ECADC-8E3F-427C-8991-80DC577562B9}.Debug|Any CPU.Build.0 = Debug|Any CPU
		{871ECADC-8E3F-427C-8991-80DC577562B9}.Release|Any CPU.ActiveCfg = Release|Any CPU
		{871ECADC-8E3F-427C-8991-80DC577562B9}.Release|Any CPU.Build.0 = Release|Any CPU
		{48E933C0-597B-43C8-901B-7B2192E293A4}.Debug|Any CPU.ActiveCfg = Debug|Any CPU
		{48E933C0-597B-43C8-901B-7B2192E293A4}.Debug|Any CPU.Build.0 = Debug|Any CPU
		{48E933C0-597B-43C8-901B-7B2192E293A4}.Release|Any CPU.ActiveCfg = Release|Any CPU
		{48E933C0-597B-43C8-901B-7B2192E293A4}.Release|Any CPU.Build.0 = Release|Any CPU
		{079F7051-97F2-42DD-8AB8-FFDDF4FC9150}.Debug|Any CPU.ActiveCfg = Debug|Any CPU
		{079F7051-97F2-42DD-8AB8-FFDDF4FC9150}.Debug|Any CPU.Build.0 = Debug|Any CPU
		{079F7051-97F2-42DD-8AB8-FFDDF4FC9150}.Release|Any CPU.ActiveCfg = Release|Any CPU
		{079F7051-97F2-42DD-8AB8-FFDDF4FC9150}.Release|Any CPU.Build.0 = Release|Any CPU
	EndGlobalSection
	GlobalSection(SolutionProperties) = preSolution
		HideSolutionNode = FALSE
	EndGlobalSection
	GlobalSection(ExtensibilityGlobals) = postSolution
		SolutionGuid = {261CF1E2-330E-4605-87A5-C5C7C2ABBCFF}
	EndGlobalSection
EndGlobal
